[[package]]
name = "aiodns"
version = "2.0.0"
description = "Simple DNS resolver for asyncio"
category = "main"
optional = true
python-versions = "*"

[package.dependencies]
pycares = ">=3.0.0"
typing = {version = "*", markers = "python_version < \"3.7\""}

[[package]]
name = "aiohttp"
version = "3.6.2"
description = "Async http client/server framework (asyncio)"
category = "main"
optional = false
python-versions = ">=3.5.3"

[package.dependencies]
aiodns = {version = "*", optional = true, markers = "extra == \"speedups\""}
async-timeout = ">=3.0,<4.0"
attrs = ">=17.3.0"
brotlipy = {version = "*", optional = true, markers = "extra == \"speedups\""}
cchardet = {version = "*", optional = true, markers = "extra == \"speedups\""}
chardet = ">=2.0,<4.0"
idna-ssl = {version = ">=1.0", markers = "python_version < \"3.7\""}
multidict = ">=4.5,<5.0"
typing-extensions = {version = ">=3.6.5", markers = "python_version < \"3.7\""}
yarl = ">=1.0,<2.0"

[package.extras]
speedups = ["aiodns", "brotlipy", "cchardet"]

[[package]]
name = "async-timeout"
version = "3.0.1"
description = "Timeout context manager for asyncio programs"
category = "main"
optional = false
python-versions = ">=3.5.3"

[[package]]
name = "attrs"
version = "20.2.0"
description = "Classes Without Boilerplate"
category = "main"
optional = false
python-versions = ">=2.7, !=3.0.*, !=3.1.*, !=3.2.*, !=3.3.*"

[package.extras]
dev = ["coverage[toml] (>=5.0.2)", "hypothesis", "pympler", "pytest (>=4.3.0)", "six", "zope.interface", "sphinx", "sphinx-rtd-theme", "pre-commit"]
docs = ["sphinx", "sphinx-rtd-theme", "zope.interface"]
tests = ["coverage[toml] (>=5.0.2)", "hypothesis", "pympler", "pytest (>=4.3.0)", "six", "zope.interface"]
tests_no_zope = ["coverage[toml] (>=5.0.2)", "hypothesis", "pympler", "pytest (>=4.3.0)", "six"]

[[package]]
name = "brotlipy"
version = "0.7.0"
description = "Python binding to the Brotli library"
category = "main"
optional = true
python-versions = "*"

[package.dependencies]
cffi = ">=1.0.0"

[[package]]
name = "cchardet"
version = "2.1.6"
description = "cChardet is high speed universal character encoding detector."
category = "main"
optional = true
python-versions = "*"

[[package]]
name = "cffi"
version = "1.14.3"
description = "Foreign Function Interface for Python calling C code."
category = "main"
optional = false
python-versions = "*"

[package.dependencies]
pycparser = "*"

[[package]]
name = "chardet"
version = "3.0.4"
description = "Universal encoding detector for Python 2 and 3"
category = "main"
optional = false
python-versions = "*"

[[package]]
name = "discord.py"
version = "1.7.3"
description = "A Python wrapper for the Discord API"
category = "main"
optional = false
python-versions = ">=3.5.3"

[package.dependencies]
aiohttp = ">=3.6.0,<3.8.0"
PyNaCl = {version = ">=1.3.0,<1.5", optional = true, markers = "extra == \"voice\""}

[package.extras]
docs = ["sphinx (==3.0.3)", "sphinxcontrib-trio (==1.1.2)", "sphinxcontrib-websupport"]
voice = ["PyNaCl (>=1.3.0,<1.5)"]

[[package]]
name = "idna"
version = "2.10"
description = "Internationalized Domain Names in Applications (IDNA)"
category = "main"
optional = false
python-versions = ">=2.7, !=3.0.*, !=3.1.*, !=3.2.*, !=3.3.*"

[[package]]
name = "idna-ssl"
version = "1.1.0"
description = "Patch ssl.match_hostname for Unicode(idna) domains support"
category = "main"
optional = false
python-versions = "*"

[package.dependencies]
idna = ">=2.0"

[[package]]
name = "multidict"
version = "4.7.6"
description = "multidict implementation"
category = "main"
optional = false
python-versions = ">=3.5"

[[package]]
name = "pycares"
version = "4.2.0"
description = "Python interface for c-ares"
category = "main"
optional = false
python-versions = "*"

[package.dependencies]
cffi = ">=1.5.0"

[package.extras]
idna = ["idna (>=2.1)"]

[[package]]
name = "pycparser"
version = "2.20"
description = "C parser in Python"
category = "main"
optional = false
python-versions = ">=2.7, !=3.0.*, !=3.1.*, !=3.2.*, !=3.3.*"

[[package]]
name = "pynacl"
version = "1.3.0"
description = "Python binding to the Networking and Cryptography (NaCl) library"
category = "main"
optional = false
python-versions = "*"

[package.dependencies]
cffi = ">=1.4.1"
six = "*"

[package.extras]
docs = ["sphinx (>=1.6.5)", "sphinx-rtd-theme"]
tests = ["pytest (>=3.2.1,!=3.3.0)", "hypothesis (>=3.27.0)"]

[[package]]
name = "six"
version = "1.15.0"
description = "Python 2 and 3 compatibility utilities"
category = "main"
optional = false
python-versions = ">=2.7, !=3.0.*, !=3.1.*, !=3.2.*"

[[package]]
name = "typing"
version = "3.7.4.3"
description = "Type Hints for Python"
category = "main"
optional = true
python-versions = ">=2.7, !=3.0.*, !=3.1.*, !=3.2.*, !=3.3.*"

[[package]]
name = "typing-extensions"
version = "3.7.4.3"
description = "Backported and Experimental Type Hints for Python 3.5+"
category = "main"
optional = false
python-versions = "*"

[[package]]
name = "yarl"
version = "1.6.0"
description = "Yet another URL library"
category = "main"
optional = false
python-versions = ">=3.5"

[package.dependencies]
idna = ">=2.0"
multidict = ">=4.0"
typing-extensions = {version = ">=3.7.4", markers = "python_version < \"3.8\""}

[[package]]
name = "youtube-dl"
version = "2020.9.20"
description = "YouTube video downloader"
category = "main"
optional = true
python-versions = "*"

[extras]
aiohttpspeedups = ["aiohttp"]
voice = ["youtube-dl"]

[metadata]
lock-version = "1.1"
python-versions = "^3.6"
content-hash = "5564d65ae5754f534796a95e58552df346ab507c626fa6f0a59c987e1a866e29"

[metadata.files]
aiodns = [
    {file = "aiodns-2.0.0-py2.py3-none-any.whl", hash = "sha256:aaa5ac584f40fe778013df0aa6544bf157799bd3f608364b451840ed2c8688de"},
    {file = "aiodns-2.0.0.tar.gz", hash = "sha256:815fdef4607474295d68da46978a54481dd1e7be153c7d60f9e72773cd38d77d"},
]
aiohttp = [
    {file = "aiohttp-3.6.2-cp35-cp35m-macosx_10_13_x86_64.whl", hash = "sha256:1e984191d1ec186881ffaed4581092ba04f7c61582a177b187d3a2f07ed9719e"},
    {file = "aiohttp-3.6.2-cp35-cp35m-manylinux1_x86_64.whl", hash = "sha256:50aaad128e6ac62e7bf7bd1f0c0a24bc968a0c0590a726d5a955af193544bcec"},
    {file = "aiohttp-3.6.2-cp36-cp36m-macosx_10_13_x86_64.whl", hash = "sha256:65f31b622af739a802ca6fd1a3076fd0ae523f8485c52924a89561ba10c49b48"},
    {file = "aiohttp-3.6.2-cp36-cp36m-manylinux1_x86_64.whl", hash = "sha256:ae55bac364c405caa23a4f2d6cfecc6a0daada500274ffca4a9230e7129eac59"},
    {file = "aiohttp-3.6.2-cp36-cp36m-win32.whl", hash = "sha256:344c780466b73095a72c616fac5ea9c4665add7fc129f285fbdbca3cccf4612a"},
    {file = "aiohttp-3.6.2-cp36-cp36m-win_amd64.whl", hash = "sha256:4c6efd824d44ae697814a2a85604d8e992b875462c6655da161ff18fd4f29f17"},
    {file = "aiohttp-3.6.2-cp37-cp37m-macosx_10_13_x86_64.whl", hash = "sha256:2f4d1a4fdce595c947162333353d4a44952a724fba9ca3205a3df99a33d1307a"},
    {file = "aiohttp-3.6.2-cp37-cp37m-manylinux1_x86_64.whl", hash = "sha256:6206a135d072f88da3e71cc501c59d5abffa9d0bb43269a6dcd28d66bfafdbdd"},
    {file = "aiohttp-3.6.2-cp37-cp37m-win32.whl", hash = "sha256:b778ce0c909a2653741cb4b1ac7015b5c130ab9c897611df43ae6a58523cb965"},
    {file = "aiohttp-3.6.2-cp37-cp37m-win_amd64.whl", hash = "sha256:32e5f3b7e511aa850829fbe5aa32eb455e5534eaa4b1ce93231d00e2f76e5654"},
    {file = "aiohttp-3.6.2-py3-none-any.whl", hash = "sha256:460bd4237d2dbecc3b5ed57e122992f60188afe46e7319116da5eb8a9dfedba4"},
    {file = "aiohttp-3.6.2.tar.gz", hash = "sha256:259ab809ff0727d0e834ac5e8a283dc5e3e0ecc30c4d80b3cd17a4139ce1f326"},
]
async-timeout = [
    {file = "async-timeout-3.0.1.tar.gz", hash = "sha256:0c3c816a028d47f659d6ff5c745cb2acf1f966da1fe5c19c77a70282b25f4c5f"},
    {file = "async_timeout-3.0.1-py3-none-any.whl", hash = "sha256:4291ca197d287d274d0b6cb5d6f8f8f82d434ed288f962539ff18cc9012f9ea3"},
]
attrs = [
    {file = "attrs-20.2.0-py2.py3-none-any.whl", hash = "sha256:fce7fc47dfc976152e82d53ff92fa0407700c21acd20886a13777a0d20e655dc"},
    {file = "attrs-20.2.0.tar.gz", hash = "sha256:26b54ddbbb9ee1d34d5d3668dd37d6cf74990ab23c828c2888dccdceee395594"},
]
brotlipy = [
    {file = "brotlipy-0.7.0-cp27-cp27m-macosx_10_6_intel.whl", hash = "sha256:af65d2699cb9f13b26ec3ba09e75e80d31ff422c03675fcb36ee4dabe588fdc2"},
    {file = "brotlipy-0.7.0-cp27-cp27m-manylinux1_i686.whl", hash = "sha256:50ca336374131cfad20612f26cc43c637ac0bfd2be3361495e99270883b52962"},
    {file = "brotlipy-0.7.0-cp27-cp27m-manylinux1_x86_64.whl", hash = "sha256:fd1d1c64214af5d90014d82cee5d8141b13d44c92ada7a0c0ec0679c6f15a471"},
    {file = "brotlipy-0.7.0-cp27-cp27m-win32.whl", hash = "sha256:5de6f7d010b7558f72f4b061a07395c5c3fd57f0285c5af7f126a677b976a868"},
    {file = "brotlipy-0.7.0-cp27-cp27m-win_amd64.whl", hash = "sha256:637847560d671657f993313ecc6c6c6666a936b7a925779fd044065c7bc035b9"},
    {file = "brotlipy-0.7.0-cp27-cp27mu-manylinux1_i686.whl", hash = "sha256:b4c98b0d2c9c7020a524ca5bbff42027db1004c6571f8bc7b747f2b843128e7a"},
    {file = "brotlipy-0.7.0-cp27-cp27mu-manylinux1_x86_64.whl", hash = "sha256:8b39abc3256c978f575df5cd7893153277216474f303e26f0e43ba3d3969ef96"},
    {file = "brotlipy-0.7.0-cp33-cp33m-macosx_10_6_intel.whl", hash = "sha256:96bc59ff9b5b5552843dc67999486a220e07a0522dddd3935da05dc194fa485c"},
    {file = "brotlipy-0.7.0-cp33-cp33m-manylinux1_i686.whl", hash = "sha256:091b299bf36dd6ef7a06570dbc98c0f80a504a56c5b797f31934d2ad01ae7d17"},
    {file = "brotlipy-0.7.0-cp33-cp33m-manylinux1_x86_64.whl", hash = "sha256:0be698678a114addcf87a4b9496c552c68a2c99bf93cf8e08f5738b392e82057"},
    {file = "brotlipy-0.7.0-cp33-cp33m-win32.whl", hash = "sha256:d2c1c724c4ac375feb2110f1af98ecdc0e5a8ea79d068efb5891f621a5b235cb"},
    {file = "brotlipy-0.7.0-cp33-cp33m-win_amd64.whl", hash = "sha256:3a3e56ced8b15fbbd363380344f70f3b438e0fd1fcf27b7526b6172ea950e867"},
    {file = "brotlipy-0.7.0-cp34-cp34m-macosx_10_6_intel.whl", hash = "sha256:653faef61241bf8bf99d73ca7ec4baa63401ba7b2a2aa88958394869379d67c7"},
    {file = "brotlipy-0.7.0-cp34-cp34m-manylinux1_i686.whl", hash = "sha256:0fa6088a9a87645d43d7e21e32b4a6bf8f7c3939015a50158c10972aa7f425b7"},
    {file = "brotlipy-0.7.0-cp34-cp34m-manylinux1_x86_64.whl", hash = "sha256:79aaf217072840f3e9a3b641cccc51f7fc23037496bd71e26211856b93f4b4cb"},
    {file = "brotlipy-0.7.0-cp34-cp34m-win32.whl", hash = "sha256:a07647886e24e2fb2d68ca8bf3ada398eb56fd8eac46c733d4d95c64d17f743b"},
    {file = "brotlipy-0.7.0-cp34-cp34m-win_amd64.whl", hash = "sha256:c6cc0036b1304dd0073eec416cb2f6b9e37ac8296afd9e481cac3b1f07f9db25"},
    {file = "brotlipy-0.7.0-cp35-abi3-macosx_10_9_x86_64.whl", hash = "sha256:382971a641125323e90486244d6266ffb0e1f4dd920fbdcf508d2a19acc7c3b3"},
    {file = "brotlipy-0.7.0-cp35-abi3-manylinux1_i686.whl", hash = "sha256:82f61506d001e626ec3a1ac8a69df11eb3555a4878599befcb672c8178befac8"},
    {file = "brotlipy-0.7.0-cp35-abi3-manylinux1_x86_64.whl", hash = "sha256:7ff18e42f51ebc9d9d77a0db33f99ad95f01dd431e4491f0eca519b90e9415a9"},
    {file = "brotlipy-0.7.0-cp35-abi3-manylinux2010_i686.whl", hash = "sha256:8ef230ca9e168ce2b7dc173a48a0cc3d78bcdf0bd0ea7743472a317041a4768e"},
    {file = "brotlipy-0.7.0-cp35-abi3-manylinux2010_x86_64.whl", hash = "sha256:b7cf5bb69e767a59acc3da0d199d4b5d0c9fed7bef3ffa3efa80c6f39095686b"},
    {file = "brotlipy-0.7.0-cp35-abi3-manylinux2014_aarch64.whl", hash = "sha256:e5c549ae5928dda952463196180445c24d6fad2d73cb13bd118293aced31b771"},
    {file = "brotlipy-0.7.0-cp35-abi3-win32.whl", hash = "sha256:79ab3bca8dd12c17e092273484f2ac48b906de2b4828dcdf6a7d520f99646ab3"},
    {file = "brotlipy-0.7.0-cp35-abi3-win_amd64.whl", hash = "sha256:ac1d66c9774ee62e762750e399a0c95e93b180e96179b645f28b162b55ae8adc"},
    {file = "brotlipy-0.7.0-cp35-cp35m-macosx_10_6_intel.whl", hash = "sha256:07194f4768eb62a4f4ea76b6d0df6ade185e24ebd85877c351daa0a069f1111a"},
    {file = "brotlipy-0.7.0-cp35-cp35m-manylinux1_i686.whl", hash = "sha256:7e31f7adcc5851ca06134705fcf3478210da45d35ad75ec181e1ce9ce345bb38"},
    {file = "brotlipy-0.7.0-cp35-cp35m-manylinux1_x86_64.whl", hash = "sha256:9448227b0df082e574c45c983fa5cd4bda7bfb11ea6b59def0940c1647be0c3c"},
    {file = "brotlipy-0.7.0-cp35-cp35m-win32.whl", hash = "sha256:dc6c5ee0df9732a44d08edab32f8a616b769cc5a4155a12d2d010d248eb3fb07"},
    {file = "brotlipy-0.7.0-cp35-cp35m-win_amd64.whl", hash = "sha256:3c1d5e2cf945a46975bdb11a19257fa057b67591eb232f393d260e7246d9e571"},
    {file = "brotlipy-0.7.0-cp36-cp36m-macosx_10_6_intel.whl", hash = "sha256:2a80319ae13ea8dd60ecdc4f5ccf6da3ae64787765923256b62c598c5bba4121"},
    {file = "brotlipy-0.7.0-cp36-cp36m-manylinux1_i686.whl", hash = "sha256:2699945a0a992c04fc7dc7fa2f1d0575a2c8b4b769f2874a08e8eae46bef36ae"},
    {file = "brotlipy-0.7.0-cp36-cp36m-manylinux1_x86_64.whl", hash = "sha256:1ea4e578241504b58f2456a6c69952c88866c794648bdc74baee74839da61d44"},
    {file = "brotlipy-0.7.0-cp36-cp36m-win32.whl", hash = "sha256:2e5c64522364a9ebcdf47c5744a5ddeb3f934742d31e61ebfbbc095460b47162"},
    {file = "brotlipy-0.7.0-cp36-cp36m-win_amd64.whl", hash = "sha256:09ec3e125d16749b31c74f021aba809541b3564e5359f8c265cbae442810b41a"},
    {file = "brotlipy-0.7.0-cp37-cp37m-macosx_10_14_x86_64.whl", hash = "sha256:4e4638b49835d567d447a2cfacec109f9a777f219f071312268b351b6839436d"},
    {file = "brotlipy-0.7.0-cp37-cp37m-manylinux_2_5_x86_64.manylinux1_x86_64.whl", hash = "sha256:5664fe14f3a613431db622172bad923096a303d3adce55536f4409c8e2eafba4"},
    {file = "brotlipy-0.7.0-cp37-cp37m-win_amd64.whl", hash = "sha256:1379347337dc3d20b2d61456d44ccce13e0625db2611c368023b4194d5e2477f"},
    {file = "brotlipy-0.7.0-cp38-cp38-manylinux1_i686.whl", hash = "sha256:22a53ccebcce2425e19f99682c12be510bf27bd75c9b77a1720db63047a77554"},
    {file = "brotlipy-0.7.0-cp38-cp38-manylinux1_x86_64.whl", hash = "sha256:4bac11c1ffba9eaa2894ec958a44e7f17778b3303c2ee9f99c39fcc511c26668"},
    {file = "brotlipy-0.7.0-cp39-cp39-manylinux1_i686.whl", hash = "sha256:08a16ebe2ffc52f645c076f96b138f185e74e5d59b4a65e84af17d5997d82890"},
    {file = "brotlipy-0.7.0-cp39-cp39-manylinux1_x86_64.whl", hash = "sha256:7b21341eab7c939214e457e24b265594067a6ad268305289148ebaf2dacef325"},
    {file = "brotlipy-0.7.0-pp226-pp226u-macosx_10_10_x86_64.whl", hash = "sha256:786afc8c9bd67de8d31f46e408a3386331e126829114e4db034f91eacb05396d"},
    {file = "brotlipy-0.7.0-pp36-pypy36_pp73-manylinux1_x86_64.whl", hash = "sha256:890b973039ba26c3ad2e86e8908ab527ed64f9b1357f81a676604da8088e4bf9"},
    {file = "brotlipy-0.7.0-pp37-pypy37_pp73-manylinux1_x86_64.whl", hash = "sha256:4864ac52c116ea3e3a844248a9c9fbebb8797891cbca55484ecb6eed3ebeba24"},
    {file = "brotlipy-0.7.0.tar.gz", hash = "sha256:36def0b859beaf21910157b4c33eb3b06d8ce459c942102f16988cca6ea164df"},
]
cchardet = [
    {file = "cchardet-2.1.6-cp35-cp35m-macosx_10_9_x86_64.whl", hash = "sha256:2aa1b008965c703ad6597361b0f6d427c8971fe94a2c99ec3724c228ae50d6a6"},
    {file = "cchardet-2.1.6-cp35-cp35m-manylinux1_i686.whl", hash = "sha256:fd16f57ce42a72397cd9fe38977fc809eb02172731cb354572f28a6d8e4cf322"},
    {file = "cchardet-2.1.6-cp35-cp35m-manylinux1_x86_64.whl", hash = "sha256:953fe382304b19f5aa8fc2da4b092a3bb58a477d33af4def4b81abdce4c9288c"},
    {file = "cchardet-2.1.6-cp35-cp35m-manylinux2010_i686.whl", hash = "sha256:ccb9f6f06265382028468b47e726f2d42539256fb498d1b0e473c39037b42b8a"},
    {file = "cchardet-2.1.6-cp35-cp35m-manylinux2010_x86_64.whl", hash = "sha256:2c05b66b12f9ab0493c5ffb666036fd8c9004a9cc9d5a9264dc24738b50ab8c3"},
    {file = "cchardet-2.1.6-cp35-cp35m-win32.whl", hash = "sha256:dff9480d9b6260f59ad10e1cec5be13905be5da88a4a2bd5a5bd4d49c49c4a05"},
    {file = "cchardet-2.1.6-cp35-cp35m-win_amd64.whl", hash = "sha256:84d2ce838cf3c2fe7f0517941702d42f7e598e5173632ec47a113cd521669b98"},
    {file = "cchardet-2.1.6-cp36-cp36m-macosx_10_9_x86_64.whl", hash = "sha256:4486f6e5bdf06f0081d13832f2a061d9e90597eb02093fda9d37e3985e3b2ef2"},
    {file = "cchardet-2.1.6-cp36-cp36m-manylinux1_i686.whl", hash = "sha256:7a2d98df461d3f36b403fdd8d7890c823ed05bd98eb074412ed56fbfedb94751"},
    {file = "cchardet-2.1.6-cp36-cp36m-manylinux1_x86_64.whl", hash = "sha256:27b0f23088873d1dd36d2c8a2e45c9167e312e1aac7e4baeb47f7428a2669638"},
    {file = "cchardet-2.1.6-cp36-cp36m-manylinux2010_i686.whl", hash = "sha256:cf134e1cfb0c53f08abb1ab9158a7e7f859c3ddb451d5fe535a2cc5f2958a688"},
    {file = "cchardet-2.1.6-cp36-cp36m-manylinux2010_x86_64.whl", hash = "sha256:f5c94994d876d8709847c3a92643309d716f43716580a2e5831262366a9ee8b6"},
    {file = "cchardet-2.1.6-cp36-cp36m-win32.whl", hash = "sha256:217a7008bd399bdb61f6a0a2570acc5c3a9f96140e0a0d089b9e748c4d4e4c4e"},
    {file = "cchardet-2.1.6-cp36-cp36m-win_amd64.whl", hash = "sha256:2a958fb093f69ee5f16be7a1aee5122e07aff4350fa4dc9b953b87c34468e605"},
    {file = "cchardet-2.1.6-cp37-cp37m-macosx_10_9_x86_64.whl", hash = "sha256:4096759825a130cb27a58ddf6d58e10abdd0127d29fbf53fde26df7ad879737b"},
    {file = "cchardet-2.1.6-cp37-cp37m-manylinux1_i686.whl", hash = "sha256:7bba1cbb4358dc9a2d2da00f4b38b159a5483d2f3b1d698a7c2cae518f955170"},
    {file = "cchardet-2.1.6-cp37-cp37m-manylinux1_x86_64.whl", hash = "sha256:0f6e4e464e332da776b9c1a34e4e83b6301d38c2724efc93848c46ade66d02bb"},
    {file = "cchardet-2.1.6-cp37-cp37m-manylinux2010_i686.whl", hash = "sha256:acc96b4a8f756af289fa90ffa67ddef57401d99131e51e71872e3609483941ce"},
    {file = "cchardet-2.1.6-cp37-cp37m-manylinux2010_x86_64.whl", hash = "sha256:79b0e113144c2ef0050bc9fe647c7657c5298f3012ecd8937d930b24ddd61404"},
    {file = "cchardet-2.1.6-cp37-cp37m-win32.whl", hash = "sha256:8b1d02c99f6444c63336a76638741eaf4ac4005b454e3b8252a40074bf0d84a1"},
    {file = "cchardet-2.1.6-cp37-cp37m-win_amd64.whl", hash = "sha256:e27771798c8ad50df1375e762d59369354af94eb8ac21eca5bfd1eeef589f545"},
    {file = "cchardet-2.1.6-cp38-cp38-macosx_10_9_x86_64.whl", hash = "sha256:68409e00d75ff13dd7a192ec49559f5527ee8959a51a9f4dd7b168df972b4d44"},
    {file = "cchardet-2.1.6-cp38-cp38-manylinux1_i686.whl", hash = "sha256:40c199f9c0569ac479fae7c4e12d2e16fc1e8237836b928474fdd228b8d11477"},
    {file = "cchardet-2.1.6-cp38-cp38-manylinux1_x86_64.whl", hash = "sha256:8f7ade2578b2326a0a554c03f60c8d079331220179a592e83e143c9556b7f5b2"},
    {file = "cchardet-2.1.6-cp38-cp38-manylinux2010_i686.whl", hash = "sha256:5e38cfad9d3ca0f571c4352e9ca0f5ab718508f492a37d3236ae70810140e250"},
    {file = "cchardet-2.1.6-cp38-cp38-manylinux2010_x86_64.whl", hash = "sha256:af284494ea6c40f9613b4d939abe585eb9290cb92037eab66122c93190fcb338"},
    {file = "cchardet-2.1.6-cp38-cp38-win32.whl", hash = "sha256:54d2653520237ebbd2928f2c0f2eb7c616ee2b5194d73d945060cd54a7846b64"},
    {file = "cchardet-2.1.6-cp38-cp38-win_amd64.whl", hash = "sha256:f245f045054e8d6dab2a0e366d3c74f3a47fb7dec2595ae2035b234b1a829c7a"},
    {file = "cchardet-2.1.6.tar.gz", hash = "sha256:b76afb2059ad69eab576949980a17413c1e9e5a5624abf9e43542d8853f146b3"},
]
cffi = [
    {file = "cffi-1.14.3-2-cp27-cp27m-macosx_10_9_x86_64.whl", hash = "sha256:3eeeb0405fd145e714f7633a5173318bd88d8bbfc3dd0a5751f8c4f70ae629bc"},
    {file = "cffi-1.14.3-2-cp35-cp35m-macosx_10_9_x86_64.whl", hash = "sha256:cb763ceceae04803adcc4e2d80d611ef201c73da32d8f2722e9d0ab0c7f10768"},
    {file = "cffi-1.14.3-2-cp36-cp36m-macosx_10_9_x86_64.whl", hash = "sha256:44f60519595eaca110f248e5017363d751b12782a6f2bd6a7041cba275215f5d"},
    {file = "cffi-1.14.3-2-cp37-cp37m-macosx_10_9_x86_64.whl", hash = "sha256:c53af463f4a40de78c58b8b2710ade243c81cbca641e34debf3396a9640d6ec1"},
    {file = "cffi-1.14.3-2-cp38-cp38-macosx_10_9_x86_64.whl", hash = "sha256:33c6cdc071ba5cd6d96769c8969a0531be2d08c2628a0143a10a7dcffa9719ca"},
    {file = "cffi-1.14.3-2-cp39-cp39-macosx_10_9_x86_64.whl", hash = "sha256:c11579638288e53fc94ad60022ff1b67865363e730ee41ad5e6f0a17188b327a"},
    {file = "cffi-1.14.3-cp27-cp27m-manylinux1_i686.whl", hash = "sha256:3cb3e1b9ec43256c4e0f8d2837267a70b0e1ca8c4f456685508ae6106b1f504c"},
    {file = "cffi-1.14.3-cp27-cp27m-manylinux1_x86_64.whl", hash = "sha256:f0620511387790860b249b9241c2f13c3a80e21a73e0b861a2df24e9d6f56730"},
    {file = "cffi-1.14.3-cp27-cp27m-win32.whl", hash = "sha256:005f2bfe11b6745d726dbb07ace4d53f057de66e336ff92d61b8c7e9c8f4777d"},
    {file = "cffi-1.14.3-cp27-cp27m-win_amd64.whl", hash = "sha256:2f9674623ca39c9ebe38afa3da402e9326c245f0f5ceff0623dccdac15023e05"},
    {file = "cffi-1.14.3-cp27-cp27mu-manylinux1_i686.whl", hash = "sha256:09e96138280241bd355cd585148dec04dbbedb4f46128f340d696eaafc82dd7b"},
    {file = "cffi-1.14.3-cp27-cp27mu-manylinux1_x86_64.whl", hash = "sha256:3363e77a6176afb8823b6e06db78c46dbc4c7813b00a41300a4873b6ba63b171"},
    {file = "cffi-1.14.3-cp35-cp35m-manylinux1_i686.whl", hash = "sha256:0ef488305fdce2580c8b2708f22d7785ae222d9825d3094ab073e22e93dfe51f"},
    {file = "cffi-1.14.3-cp35-cp35m-manylinux1_x86_64.whl", hash = "sha256:0b1ad452cc824665ddc682400b62c9e4f5b64736a2ba99110712fdee5f2505c4"},
    {file = "cffi-1.14.3-cp35-cp35m-win32.whl", hash = "sha256:85ba797e1de5b48aa5a8427b6ba62cf69607c18c5d4eb747604b7302f1ec382d"},
    {file = "cffi-1.14.3-cp35-cp35m-win_amd64.whl", hash = "sha256:e66399cf0fc07de4dce4f588fc25bfe84a6d1285cc544e67987d22663393926d"},
    {file = "cffi-1.14.3-cp36-cp36m-manylinux1_i686.whl", hash = "sha256:15f351bed09897fbda218e4db5a3d5c06328862f6198d4fb385f3e14e19decb3"},
    {file = "cffi-1.14.3-cp36-cp36m-manylinux1_x86_64.whl", hash = "sha256:4d7c26bfc1ea9f92084a1d75e11999e97b62d63128bcc90c3624d07813c52808"},
    {file = "cffi-1.14.3-cp36-cp36m-manylinux2014_aarch64.whl", hash = "sha256:23e5d2040367322824605bc29ae8ee9175200b92cb5483ac7d466927a9b3d537"},
    {file = "cffi-1.14.3-cp36-cp36m-win32.whl", hash = "sha256:a624fae282e81ad2e4871bdb767e2c914d0539708c0f078b5b355258293c98b0"},
    {file = "cffi-1.14.3-cp36-cp36m-win_amd64.whl", hash = "sha256:de31b5164d44ef4943db155b3e8e17929707cac1e5bd2f363e67a56e3af4af6e"},
    {file = "cffi-1.14.3-cp37-cp37m-manylinux1_i686.whl", hash = "sha256:f92cdecb618e5fa4658aeb97d5eb3d2f47aa94ac6477c6daf0f306c5a3b9e6b1"},
    {file = "cffi-1.14.3-cp37-cp37m-manylinux1_x86_64.whl", hash = "sha256:22399ff4870fb4c7ef19fff6eeb20a8bbf15571913c181c78cb361024d574579"},
    {file = "cffi-1.14.3-cp37-cp37m-manylinux2014_aarch64.whl", hash = "sha256:f4eae045e6ab2bb54ca279733fe4eb85f1effda392666308250714e01907f394"},
    {file = "cffi-1.14.3-cp37-cp37m-win32.whl", hash = "sha256:b0358e6fefc74a16f745afa366acc89f979040e0cbc4eec55ab26ad1f6a9bfbc"},
    {file = "cffi-1.14.3-cp37-cp37m-win_amd64.whl", hash = "sha256:6642f15ad963b5092d65aed022d033c77763515fdc07095208f15d3563003869"},
    {file = "cffi-1.14.3-cp38-cp38-manylinux1_i686.whl", hash = "sha256:2791f68edc5749024b4722500e86303a10d342527e1e3bcac47f35fbd25b764e"},
    {file = "cffi-1.14.3-cp38-cp38-manylinux1_x86_64.whl", hash = "sha256:529c4ed2e10437c205f38f3691a68be66c39197d01062618c55f74294a4a4828"},
    {file = "cffi-1.14.3-cp38-cp38-manylinux2014_aarch64.whl", hash = "sha256:8f0f1e499e4000c4c347a124fa6a27d37608ced4fe9f7d45070563b7c4c370c9"},
    {file = "cffi-1.14.3-cp38-cp38-win32.whl", hash = "sha256:3b8eaf915ddc0709779889c472e553f0d3e8b7bdf62dab764c8921b09bf94522"},
    {file = "cffi-1.14.3-cp38-cp38-win_amd64.whl", hash = "sha256:bbd2f4dfee1079f76943767fce837ade3087b578aeb9f69aec7857d5bf25db15"},
    {file = "cffi-1.14.3-cp39-cp39-manylinux1_i686.whl", hash = "sha256:cc75f58cdaf043fe6a7a6c04b3b5a0e694c6a9e24050967747251fb80d7bce0d"},
    {file = "cffi-1.14.3-cp39-cp39-manylinux1_x86_64.whl", hash = "sha256:bf39a9e19ce7298f1bd6a9758fa99707e9e5b1ebe5e90f2c3913a47bc548747c"},
    {file = "cffi-1.14.3-cp39-cp39-win32.whl", hash = "sha256:d80998ed59176e8cba74028762fbd9b9153b9afc71ea118e63bbf5d4d0f9552b"},
    {file = "cffi-1.14.3-cp39-cp39-win_amd64.whl", hash = "sha256:c150eaa3dadbb2b5339675b88d4573c1be3cb6f2c33a6c83387e10cc0bf05bd3"},
    {file = "cffi-1.14.3.tar.gz", hash = "sha256:f92f789e4f9241cd262ad7a555ca2c648a98178a953af117ef7fad46aa1d5591"},
]
chardet = [
    {file = "chardet-3.0.4-py2.py3-none-any.whl", hash = "sha256:fc323ffcaeaed0e0a02bf4d117757b98aed530d9ed4531e3e15460124c106691"},
    {file = "chardet-3.0.4.tar.gz", hash = "sha256:84ab92ed1c4d4f16916e05906b6b75a6c0fb5db821cc65e70cbd64a3e2a5eaae"},
]
"discord.py" = [
    {file = "discord.py-1.7.3-py3-none-any.whl", hash = "sha256:c6f64db136de0e18e090f6752ea68bdd4ab0a61b82dfe7acecefa22d6477bb0c"},
    {file = "discord.py-1.7.3.tar.gz", hash = "sha256:462cd0fe307aef8b29cbfa8dd613e548ae4b2cb581d46da9ac0d46fb6ea19408"},
]
idna = [
    {file = "idna-2.10-py2.py3-none-any.whl", hash = "sha256:b97d804b1e9b523befed77c48dacec60e6dcb0b5391d57af6a65a312a90648c0"},
    {file = "idna-2.10.tar.gz", hash = "sha256:b307872f855b18632ce0c21c5e45be78c0ea7ae4c15c828c20788b26921eb3f6"},
]
idna-ssl = [
    {file = "idna-ssl-1.1.0.tar.gz", hash = "sha256:a933e3bb13da54383f9e8f35dc4f9cb9eb9b3b78c6b36f311254d6d0d92c6c7c"},
]
multidict = [
    {file = "multidict-4.7.6-cp35-cp35m-macosx_10_14_x86_64.whl", hash = "sha256:275ca32383bc5d1894b6975bb4ca6a7ff16ab76fa622967625baeebcf8079000"},
    {file = "multidict-4.7.6-cp35-cp35m-manylinux1_x86_64.whl", hash = "sha256:1ece5a3369835c20ed57adadc663400b5525904e53bae59ec854a5d36b39b21a"},
    {file = "multidict-4.7.6-cp35-cp35m-win32.whl", hash = "sha256:5141c13374e6b25fe6bf092052ab55c0c03d21bd66c94a0e3ae371d3e4d865a5"},
    {file = "multidict-4.7.6-cp35-cp35m-win_amd64.whl", hash = "sha256:9456e90649005ad40558f4cf51dbb842e32807df75146c6d940b6f5abb4a78f3"},
    {file = "multidict-4.7.6-cp36-cp36m-macosx_10_14_x86_64.whl", hash = "sha256:e0d072ae0f2a179c375f67e3da300b47e1a83293c554450b29c900e50afaae87"},
    {file = "multidict-4.7.6-cp36-cp36m-manylinux1_x86_64.whl", hash = "sha256:3750f2205b800aac4bb03b5ae48025a64e474d2c6cc79547988ba1d4122a09e2"},
    {file = "multidict-4.7.6-cp36-cp36m-win32.whl", hash = "sha256:f07acae137b71af3bb548bd8da720956a3bc9f9a0b87733e0899226a2317aeb7"},
    {file = "multidict-4.7.6-cp36-cp36m-win_amd64.whl", hash = "sha256:6513728873f4326999429a8b00fc7ceddb2509b01d5fd3f3be7881a257b8d463"},
    {file = "multidict-4.7.6-cp37-cp37m-macosx_10_14_x86_64.whl", hash = "sha256:feed85993dbdb1dbc29102f50bca65bdc68f2c0c8d352468c25b54874f23c39d"},
    {file = "multidict-4.7.6-cp37-cp37m-manylinux1_x86_64.whl", hash = "sha256:fcfbb44c59af3f8ea984de67ec7c306f618a3ec771c2843804069917a8f2e255"},
    {file = "multidict-4.7.6-cp37-cp37m-win32.whl", hash = "sha256:4538273208e7294b2659b1602490f4ed3ab1c8cf9dbdd817e0e9db8e64be2507"},
    {file = "multidict-4.7.6-cp37-cp37m-win_amd64.whl", hash = "sha256:d14842362ed4cf63751648e7672f7174c9818459d169231d03c56e84daf90b7c"},
    {file = "multidict-4.7.6-cp38-cp38-macosx_10_14_x86_64.whl", hash = "sha256:c026fe9a05130e44157b98fea3ab12969e5b60691a276150db9eda71710cd10b"},
    {file = "multidict-4.7.6-cp38-cp38-manylinux1_x86_64.whl", hash = "sha256:51a4d210404ac61d32dada00a50ea7ba412e6ea945bbe992e4d7a595276d2ec7"},
    {file = "multidict-4.7.6-cp38-cp38-win32.whl", hash = "sha256:5cf311a0f5ef80fe73e4f4c0f0998ec08f954a6ec72b746f3c179e37de1d210d"},
    {file = "multidict-4.7.6-cp38-cp38-win_amd64.whl", hash = "sha256:7388d2ef3c55a8ba80da62ecfafa06a1c097c18032a501ffd4cabbc52d7f2b19"},
    {file = "multidict-4.7.6.tar.gz", hash = "sha256:fbb77a75e529021e7c4a8d4e823d88ef4d23674a202be4f5addffc72cbb91430"},
]
pycares = [
    {file = "pycares-4.2.0-cp310-cp310-macosx_10_9_x86_64.whl", hash = "sha256:48c733b8087f618d64b05c5807264ea94987b599cf37688ba59d23c57e197ff1"},
    {file = "pycares-4.2.0-cp310-cp310-manylinux_2_17_aarch64.manylinux2014_aarch64.whl", hash = "sha256:4a491bb6c9c6420f3547e89898902e6f67a11ba42ff39026cc94aa238bcc2e67"},
    {file = "pycares-4.2.0-cp310-cp310-manylinux_2_5_i686.manylinux1_i686.manylinux_2_12_i686.manylinux2010_i686.whl", hash = "sha256:e6bbf663d89a93df0386050db430a26d98155d1c6d9f1e522ac8b01d38016c10"},
    {file = "pycares-4.2.0-cp310-cp310-manylinux_2_5_x86_64.manylinux1_x86_64.manylinux_2_12_x86_64.manylinux2010_x86_64.whl", hash = "sha256:1857631b448925aabc2b306baa27fbedb27ca49036ce5c083ae21eef7850adfa"},
    {file = "pycares-4.2.0-cp310-cp310-win32.whl", hash = "sha256:b076d5d8a3f94bc38efeb7a5ac9772190e13515a510f96d600d58b12d25b2ae7"},
    {file = "pycares-4.2.0-cp310-cp310-win_amd64.whl", hash = "sha256:496cc499980d9be6b151f5028aef9e735a4881d8c2eaa32b2562678dce463787"},
    {file = "pycares-4.2.0-cp36-cp36m-macosx_10_9_x86_64.whl", hash = "sha256:f9d057445ebc381398fb26fb87e6b9d2ed416e58074710a3e7feb6115b8a28ac"},
    {file = "pycares-4.2.0-cp36-cp36m-manylinux_2_17_aarch64.manylinux2014_aarch64.whl", hash = "sha256:ae732c15c5bb5a381c521e3eb4daf56175e890f4fa1fddf2fc2349a778a94ed0"},
    {file = "pycares-4.2.0-cp36-cp36m-manylinux_2_5_i686.manylinux1_i686.manylinux_2_12_i686.manylinux2010_i686.whl", hash = "sha256:67b9495aebd575c18cf0371636057fdaf198f8b60e7bf1ec7fdd511154094f94"},
    {file = "pycares-4.2.0-cp36-cp36m-manylinux_2_5_x86_64.manylinux1_x86_64.manylinux_2_12_x86_64.manylinux2010_x86_64.whl", hash = "sha256:a3cf407fba0ab0f21417676d480926dd438e12a0134d2e50e6164b0b4822ff63"},
    {file = "pycares-4.2.0-cp36-cp36m-win32.whl", hash = "sha256:a56eea0cf117edffb51479e2acda15b1b02a33a225838708828a5c1010333ba1"},
    {file = "pycares-4.2.0-cp36-cp36m-win_amd64.whl", hash = "sha256:9070d507349d8b75c3f3e81b7d519555cd009391ae2b8fce7505753058e6cd08"},
    {file = "pycares-4.2.0-cp37-cp37m-macosx_10_9_x86_64.whl", hash = "sha256:f1aadb7ebaa6da649ba3e665898aebd9f1ab57ece9af6c0d1c089074bf9a822a"},
    {file = "pycares-4.2.0-cp37-cp37m-manylinux_2_17_aarch64.manylinux2014_aarch64.whl", hash = "sha256:2c4a6410e01f401982b7bc9d20756a9e1549bab1cc431eb9a7a26193168895b0"},
    {file = "pycares-4.2.0-cp37-cp37m-manylinux_2_5_i686.manylinux1_i686.manylinux_2_12_i686.manylinux2010_i686.whl", hash = "sha256:a1c0cc79c442eecd0beeaf2bcd91541a0ff366b43df5bb061d57dbe8b5d04c38"},
    {file = "pycares-4.2.0-cp37-cp37m-manylinux_2_5_x86_64.manylinux1_x86_64.manylinux_2_12_x86_64.manylinux2010_x86_64.whl", hash = "sha256:bc24ee402697d4babe3a3652af6ede7fdd18f8d33a691d62c1e33131435f66e2"},
    {file = "pycares-4.2.0-cp37-cp37m-win32.whl", hash = "sha256:e7b396e074efca974b211378f2bfb864f9be0465ba75f6a8851d8b115d928d79"},
    {file = "pycares-4.2.0-cp37-cp37m-win_amd64.whl", hash = "sha256:84d6572dff420631758ebdffc13283895e7fb04a54823641fa3830cdcb6f4743"},
    {file = "pycares-4.2.0-cp38-cp38-macosx_10_9_x86_64.whl", hash = "sha256:23d3f272b9f6ea80e488de76ea93e0edde418d545e86562b9e9094952a6ce658"},
    {file = "pycares-4.2.0-cp38-cp38-manylinux_2_17_aarch64.manylinux2014_aarch64.whl", hash = "sha256:88709762179daa858b494f66f5ad35cf9e4be39893a565aa24148a237d05f3cd"},
    {file = "pycares-4.2.0-cp38-cp38-manylinux_2_5_i686.manylinux1_i686.manylinux_2_12_i686.manylinux2010_i686.whl", hash = "sha256:ad97e6db69a8b825fa4590cddbd00b00441fc16bfbebf3a37f6f9b6f72d9380d"},
    {file = "pycares-4.2.0-cp38-cp38-manylinux_2_5_x86_64.manylinux1_x86_64.manylinux_2_12_x86_64.manylinux2010_x86_64.whl", hash = "sha256:e0cffbf241c0384a6b56e2cddfb7bbd7b9830954edd756f685ad2b36e54ee107"},
    {file = "pycares-4.2.0-cp38-cp38-win32.whl", hash = "sha256:bce6e64b85aad08dbeb6f92aecd53d856ac534fb70e6d3a5baa7cda8d2301c16"},
    {file = "pycares-4.2.0-cp38-cp38-win_amd64.whl", hash = "sha256:2539b9e20c52d9daedfa5f52f84ba6ea8cb351236fcda6034ab5422f0be1d171"},
    {file = "pycares-4.2.0-cp39-cp39-macosx_10_9_x86_64.whl", hash = "sha256:2707044e62ae32d816141e99bb2cfbba02700f4b5ffebbd7ba3fb2070af9a5ff"},
    {file = "pycares-4.2.0-cp39-cp39-manylinux_2_17_aarch64.manylinux2014_aarch64.whl", hash = "sha256:3178be9e269795216376220d8a847bf30497fcf415821d58659b07dc2873e9b2"},
    {file = "pycares-4.2.0-cp39-cp39-manylinux_2_5_i686.manylinux1_i686.manylinux_2_12_i686.manylinux2010_i686.whl", hash = "sha256:de97ae19883b3f49f7c75d60292d49a21d06e64113ed69b5c6d5eba8ae4ef60a"},
    {file = "pycares-4.2.0-cp39-cp39-manylinux_2_5_x86_64.manylinux1_x86_64.manylinux_2_12_x86_64.manylinux2010_x86_64.whl", hash = "sha256:45cc3feae3335b70cd4ec7447cd6ef9c11c7d9aa6731153cb87bae4db69fed8d"},
    {file = "pycares-4.2.0-cp39-cp39-win32.whl", hash = "sha256:8401526f945c96210f81887ad38d5415113f149719893006fc148862fbf4c128"},
    {file = "pycares-4.2.0-cp39-cp39-win_amd64.whl", hash = "sha256:50a50b6c55919563745b0b242aa54eeb727696351ac187156d2d0ab9614fd726"},
    {file = "pycares-4.2.0.tar.gz", hash = "sha256:b286649597791cd53072b2f3383cc38fc14a8ab016b78cb04bdcaa6ecce3b8ce"},
]
pycparser = [
    {file = "pycparser-2.20-py2.py3-none-any.whl", hash = "sha256:7582ad22678f0fcd81102833f60ef8d0e57288b6b5fb00323d101be910e35705"},
    {file = "pycparser-2.20.tar.gz", hash = "sha256:2d475327684562c3a96cc71adf7dc8c4f0565175cf86b6d7a404ff4c771f15f0"},
]
pynacl = [
    {file = "PyNaCl-1.3.0-cp27-cp27m-macosx_10_6_intel.whl", hash = "sha256:2424c8b9f41aa65bbdbd7a64e73a7450ebb4aa9ddedc6a081e7afcc4c97f7621"},
    {file = "PyNaCl-1.3.0-cp27-cp27m-manylinux1_i686.whl", hash = "sha256:30f36a9c70450c7878053fa1344aca0145fd47d845270b43a7ee9192a051bf39"},
    {file = "PyNaCl-1.3.0-cp27-cp27m-manylinux1_x86_64.whl", hash = "sha256:05c26f93964373fc0abe332676cb6735f0ecad27711035b9472751faa8521255"},
    {file = "PyNaCl-1.3.0-cp27-cp27m-win32.whl", hash = "sha256:a14e499c0f5955dcc3991f785f3f8e2130ed504fa3a7f44009ff458ad6bdd17f"},
    {file = "PyNaCl-1.3.0-cp27-cp27m-win_amd64.whl", hash = "sha256:f67814c38162f4deb31f68d590771a29d5ae3b1bd64b75cf232308e5c74777e0"},
    {file = "PyNaCl-1.3.0-cp27-cp27mu-manylinux1_i686.whl", hash = "sha256:e2da3c13307eac601f3de04887624939aca8ee3c9488a0bb0eca4fb9401fc6b1"},
    {file = "PyNaCl-1.3.0-cp27-cp27mu-manylinux1_x86_64.whl", hash = "sha256:0d0a8171a68edf51add1e73d2159c4bc19fc0718e79dec51166e940856c2f28e"},
    {file = "PyNaCl-1.3.0-cp34-abi3-macosx_10_6_intel.whl", hash = "sha256:4943decfc5b905748f0756fdd99d4f9498d7064815c4cf3643820c9028b711d1"},
    {file = "PyNaCl-1.3.0-cp34-abi3-manylinux1_i686.whl", hash = "sha256:5bd61e9b44c543016ce1f6aef48606280e45f892a928ca7068fba30021e9b786"},
    {file = "PyNaCl-1.3.0-cp34-abi3-manylinux1_x86_64.whl", hash = "sha256:aabb0c5232910a20eec8563503c153a8e78bbf5459490c49ab31f6adf3f3a415"},
    {file = "PyNaCl-1.3.0-cp34-cp34m-win32.whl", hash = "sha256:7d3ce02c0784b7cbcc771a2da6ea51f87e8716004512493a2b69016326301c3b"},
    {file = "PyNaCl-1.3.0-cp34-cp34m-win_amd64.whl", hash = "sha256:1c780712b206317a746ace34c209b8c29dbfd841dfbc02aa27f2084dd3db77ae"},
    {file = "PyNaCl-1.3.0-cp35-cp35m-win32.whl", hash = "sha256:37aa336a317209f1bb099ad177fef0da45be36a2aa664507c5d72015f956c310"},
    {file = "PyNaCl-1.3.0-cp35-cp35m-win_amd64.whl", hash = "sha256:57ef38a65056e7800859e5ba9e6091053cd06e1038983016effaffe0efcd594a"},
    {file = "PyNaCl-1.3.0-cp36-cp36m-win32.whl", hash = "sha256:a39f54ccbcd2757d1d63b0ec00a00980c0b382c62865b61a505163943624ab20"},
    {file = "PyNaCl-1.3.0-cp36-cp36m-win_amd64.whl", hash = "sha256:6482d3017a0c0327a49dddc8bd1074cc730d45db2ccb09c3bac1f8f32d1eb61b"},
    {file = "PyNaCl-1.3.0-cp37-cp37m-win32.whl", hash = "sha256:2d23c04e8d709444220557ae48ed01f3f1086439f12dbf11976e849a4926db56"},
    {file = "PyNaCl-1.3.0-cp37-cp37m-win_amd64.whl", hash = "sha256:bd4ecb473a96ad0f90c20acba4f0bf0df91a4e03a1f4dd6a4bdc9ca75aa3a715"},
    {file = "PyNaCl-1.3.0-cp38-cp38-win32.whl", hash = "sha256:53126cd91356342dcae7e209f840212a58dcf1177ad52c1d938d428eebc9fee5"},
    {file = "PyNaCl-1.3.0-cp38-cp38-win_amd64.whl", hash = "sha256:bf459128feb543cfca16a95f8da31e2e65e4c5257d2f3dfa8c0c1031139c9c92"},
    {file = "PyNaCl-1.3.0.tar.gz", hash = "sha256:0c6100edd16fefd1557da078c7a31e7b7d7a52ce39fdca2bec29d4f7b6e7600c"},
]
six = [
    {file = "six-1.15.0-py2.py3-none-any.whl", hash = "sha256:8b74bedcbbbaca38ff6d7491d76f2b06b3592611af620f8426e82dddb04a5ced"},
    {file = "six-1.15.0.tar.gz", hash = "sha256:30639c035cdb23534cd4aa2dd52c3bf48f06e5f4a941509c8bafd8ce11080259"},
]
typing = [
    {file = "typing-3.7.4.3-py2-none-any.whl", hash = "sha256:283d868f5071ab9ad873e5e52268d611e851c870a2ba354193026f2dfb29d8b5"},
    {file = "typing-3.7.4.3.tar.gz", hash = "sha256:1187fb9c82fd670d10aa07bbb6cfcfe4bdda42d6fab8d5134f04e8c4d0b71cc9"},
]
typing-extensions = [
    {file = "typing_extensions-3.7.4.3-py2-none-any.whl", hash = "sha256:dafc7639cde7f1b6e1acc0f457842a83e722ccca8eef5270af2d74792619a89f"},
    {file = "typing_extensions-3.7.4.3-py3-none-any.whl", hash = "sha256:7cb407020f00f7bfc3cb3e7881628838e69d8f3fcab2f64742a5e76b2f841918"},
    {file = "typing_extensions-3.7.4.3.tar.gz", hash = "sha256:99d4073b617d30288f569d3f13d2bd7548c3a7e4c8de87db09a9d29bb3a4a60c"},
]
yarl = [
    {file = "yarl-1.6.0-cp35-cp35m-macosx_10_14_x86_64.whl", hash = "sha256:db9eb8307219d7e09b33bcb43287222ef35cbcf1586ba9472b0a4b833666ada1"},
    {file = "yarl-1.6.0-cp35-cp35m-manylinux1_x86_64.whl", hash = "sha256:e31fef4e7b68184545c3d68baec7074532e077bd1906b040ecfba659737df188"},
    {file = "yarl-1.6.0-cp35-cp35m-win32.whl", hash = "sha256:5d84cc36981eb5a8533be79d6c43454c8e6a39ee3118ceaadbd3c029ab2ee580"},
    {file = "yarl-1.6.0-cp35-cp35m-win_amd64.whl", hash = "sha256:5e447e7f3780f44f890360ea973418025e8c0cdcd7d6a1b221d952600fd945dc"},
    {file = "yarl-1.6.0-cp36-cp36m-macosx_10_14_x86_64.whl", hash = "sha256:6f6898429ec3c4cfbef12907047136fd7b9e81a6ee9f105b45505e633427330a"},
    {file = "yarl-1.6.0-cp36-cp36m-manylinux1_x86_64.whl", hash = "sha256:d088ea9319e49273f25b1c96a3763bf19a882cff774d1792ae6fba34bd40550a"},
    {file = "yarl-1.6.0-cp36-cp36m-win32.whl", hash = "sha256:b7c199d2cbaf892ba0f91ed36d12ff41ecd0dde46cbf64ff4bfe997a3ebc925e"},
    {file = "yarl-1.6.0-cp36-cp36m-win_amd64.whl", hash = "sha256:67c5ea0970da882eaf9efcf65b66792557c526f8e55f752194eff8ec722c75c2"},
    {file = "yarl-1.6.0-cp37-cp37m-macosx_10_14_x86_64.whl", hash = "sha256:04a54f126a0732af75e5edc9addeaa2113e2ca7c6fce8974a63549a70a25e50e"},
    {file = "yarl-1.6.0-cp37-cp37m-manylinux1_x86_64.whl", hash = "sha256:fcbe419805c9b20db9a51d33b942feddbf6e7fb468cb20686fd7089d4164c12a"},
    {file = "yarl-1.6.0-cp37-cp37m-win32.whl", hash = "sha256:c604998ab8115db802cc55cb1b91619b2831a6128a62ca7eea577fc8ea4d3131"},
    {file = "yarl-1.6.0-cp37-cp37m-win_amd64.whl", hash = "sha256:c22607421f49c0cb6ff3ed593a49b6a99c6ffdeaaa6c944cdda83c2393c8864d"},
    {file = "yarl-1.6.0-cp38-cp38-macosx_10_14_x86_64.whl", hash = "sha256:7ce35944e8e61927a8f4eb78f5bc5d1e6da6d40eadd77e3f79d4e9399e263921"},
    {file = "yarl-1.6.0-cp38-cp38-manylinux1_x86_64.whl", hash = "sha256:c15d71a640fb1f8e98a1423f9c64d7f1f6a3a168f803042eaf3a5b5022fde0c1"},
    {file = "yarl-1.6.0-cp38-cp38-win32.whl", hash = "sha256:3cc860d72ed989f3b1f3abbd6ecf38e412de722fb38b8f1b1a086315cf0d69c5"},
    {file = "yarl-1.6.0-cp38-cp38-win_amd64.whl", hash = "sha256:e32f0fb443afcfe7f01f95172b66f279938fbc6bdaebe294b0ff6747fb6db020"},
    {file = "yarl-1.6.0.tar.gz", hash = "sha256:61d3ea3c175fe45f1498af868879c6ffeb989d4143ac542163c45538ba5ec21b"},
]
youtube-dl = [
    {file = "youtube_dl-2020.9.20-py2.py3-none-any.whl", hash = "sha256:012de159061570a6107e2da9a24d9ce628f045604471192f4b66236a6915a1f8"},
    {file = "youtube_dl-2020.9.20.tar.gz", hash = "sha256:67fb9bfa30f5b8f06227c478a8a6ed04af1f97ad4e81dd7e2ce518df3e275391"},
]
